// !$*UTF8*$!
{
	archiveVersion = 1;
	classes = {
	};
	objectVersion = 46;
	objects = {

/* Begin PBXBuildFile section */
		311BC62F1CA37B19006B4707 /* main.m in Sources */ = {isa = PBXBuildFile; fileRef = 311BC62E1CA37B19006B4707 /* main.m */; };
		311BC6321CA37B19006B4707 /* AppDelegate.m in Sources */ = {isa = PBXBuildFile; fileRef = 311BC6311CA37B19006B4707 /* AppDelegate.m */; };
		311BC6351CA37B19006B4707 /* ViewController.m in Sources */ = {isa = PBXBuildFile; fileRef = 311BC6341CA37B19006B4707 /* ViewController.m */; };
		311BC6381CA37B19006B4707 /* Main.storyboard in Resources */ = {isa = PBXBuildFile; fileRef = 311BC6361CA37B19006B4707 /* Main.storyboard */; };
		311BC63B1CA37B19006B4707 /* SamChat.xcdatamodeld in Sources */ = {isa = PBXBuildFile; fileRef = 311BC6391CA37B19006B4707 /* SamChat.xcdatamodeld */; };
		311BC63D1CA37B19006B4707 /* Assets.xcassets in Resources */ = {isa = PBXBuildFile; fileRef = 311BC63C1CA37B19006B4707 /* Assets.xcassets */; };
		311BC6401CA37B19006B4707 /* LaunchScreen.storyboard in Resources */ = {isa = PBXBuildFile; fileRef = 311BC63E1CA37B19006B4707 /* LaunchScreen.storyboard */; };
		311BC64B1CA37B19006B4707 /* SamChatTests.m in Sources */ = {isa = PBXBuildFile; fileRef = 311BC64A1CA37B19006B4707 /* SamChatTests.m */; };
		311BC6561CA37B19006B4707 /* SamChatUITests.m in Sources */ = {isa = PBXBuildFile; fileRef = 311BC6551CA37B19006B4707 /* SamChatUITests.m */; };
		317596731CA54A48002D2F73 /* ServiceSearchViewController.m in Sources */ = {isa = PBXBuildFile; fileRef = 317596721CA54A48002D2F73 /* ServiceSearchViewController.m */; };
		3178FFE41CA5401600796D25 /* SCUINavigationController.m in Sources */ = {isa = PBXBuildFile; fileRef = 3178FFE31CA5401600796D25 /* SCUINavigationController.m */; };
		3178FFEB1CA5494500796D25 /* SCSkyWorldAPI.m in Sources */ = {isa = PBXBuildFile; fileRef = 3178FFEA1CA5494500796D25 /* SCSkyWorldAPI.m */; };
		3183D0671CA67AA70088FD67 /* SCUserProfile.m in Sources */ = {isa = PBXBuildFile; fileRef = 3183D0661CA67AA70088FD67 /* SCUserProfile.m */; };
		31F8E7101CA37F530049EE23 /* LoginViewController.m in Sources */ = {isa = PBXBuildFile; fileRef = 31F8E70B1CA37F530049EE23 /* LoginViewController.m */; };
		31F8E7111CA37F530049EE23 /* SignupSettingViewController.m in Sources */ = {isa = PBXBuildFile; fileRef = 31F8E70D1CA37F530049EE23 /* SignupSettingViewController.m */; };
		31F8E7121CA37F530049EE23 /* SignupViewController.m in Sources */ = {isa = PBXBuildFile; fileRef = 31F8E70F1CA37F530049EE23 /* SignupViewController.m */; };
		31F8E7191CA380780049EE23 /* LoginCtrl.storyboard in Resources */ = {isa = PBXBuildFile; fileRef = 31F8E7181CA380780049EE23 /* LoginCtrl.storyboard */; };
		31F8E71C1CA3A8CF0049EE23 /* SCUITabBarController.m in Sources */ = {isa = PBXBuildFile; fileRef = 31F8E71B1CA3A8CF0049EE23 /* SCUITabBarController.m */; };
		31F8E71E1CA3B24F0049EE23 /* libsqlite3.tbd in Frameworks */ = {isa = PBXBuildFile; fileRef = 31F8E71D1CA3B24F0049EE23 /* libsqlite3.tbd */; };
		31F8E7281CA3D31D0049EE23 /* SCUtils.m in Sources */ = {isa = PBXBuildFile; fileRef = 31F8E7271CA3D31D0049EE23 /* SCUtils.m */; };
		31F8E72E1CA401310049EE23 /* SCConfig.m in Sources */ = {isa = PBXBuildFile; fileRef = 31F8E72D1CA401310049EE23 /* SCConfig.m */; };
		38E659F034FD9B5FD1EC1905 /* libPods.a in Frameworks */ = {isa = PBXBuildFile; fileRef = 2590406FC16C36D9E7064E71 /* libPods.a */; };
/* End PBXBuildFile section */

/* Begin PBXContainerItemProxy section */
		311BC6471CA37B19006B4707 /* PBXContainerItemProxy */ = {
			isa = PBXContainerItemProxy;
			containerPortal = 311BC6221CA37B19006B4707 /* Project object */;
			proxyType = 1;
			remoteGlobalIDString = 311BC6291CA37B19006B4707;
			remoteInfo = SamChat;
		};
		311BC6521CA37B19006B4707 /* PBXContainerItemProxy */ = {
			isa = PBXContainerItemProxy;
			containerPortal = 311BC6221CA37B19006B4707 /* Project object */;
			proxyType = 1;
			remoteGlobalIDString = 311BC6291CA37B19006B4707;
			remoteInfo = SamChat;
		};
/* End PBXContainerItemProxy section */

/* Begin PBXFileReference section */
		2590406FC16C36D9E7064E71 /* libPods.a */ = {isa = PBXFileReference; explicitFileType = archive.ar; includeInIndex = 0; path = libPods.a; sourceTree = BUILT_PRODUCTS_DIR; };
		311BC62A1CA37B19006B4707 /* SamChat.app */ = {isa = PBXFileReference; explicitFileType = wrapper.application; includeInIndex = 0; path = SamChat.app; sourceTree = BUILT_PRODUCTS_DIR; };
		311BC62E1CA37B19006B4707 /* main.m */ = {isa = PBXFileReference; lastKnownFileType = sourcecode.c.objc; path = main.m; sourceTree = "<group>"; };
		311BC6301CA37B19006B4707 /* AppDelegate.h */ = {isa = PBXFileReference; lastKnownFileType = sourcecode.c.h; path = AppDelegate.h; sourceTree = "<group>"; };
		311BC6311CA37B19006B4707 /* AppDelegate.m */ = {isa = PBXFileReference; lastKnownFileType = sourcecode.c.objc; path = AppDelegate.m; sourceTree = "<group>"; };
		311BC6331CA37B19006B4707 /* ViewController.h */ = {isa = PBXFileReference; lastKnownFileType = sourcecode.c.h; path = ViewController.h; sourceTree = "<group>"; };
		311BC6341CA37B19006B4707 /* ViewController.m */ = {isa = PBXFileReference; lastKnownFileType = sourcecode.c.objc; path = ViewController.m; sourceTree = "<group>"; };
		311BC6371CA37B19006B4707 /* Base */ = {isa = PBXFileReference; lastKnownFileType = file.storyboard; name = Base; path = Base.lproj/Main.storyboard; sourceTree = "<group>"; };
		311BC63A1CA37B19006B4707 /* SamChat.xcdatamodel */ = {isa = PBXFileReference; lastKnownFileType = wrapper.xcdatamodel; path = SamChat.xcdatamodel; sourceTree = "<group>"; };
		311BC63C1CA37B19006B4707 /* Assets.xcassets */ = {isa = PBXFileReference; lastKnownFileType = folder.assetcatalog; path = Assets.xcassets; sourceTree = "<group>"; };
		311BC63F1CA37B19006B4707 /* Base */ = {isa = PBXFileReference; lastKnownFileType = file.storyboard; name = Base; path = Base.lproj/LaunchScreen.storyboard; sourceTree = "<group>"; };
		311BC6411CA37B19006B4707 /* Info.plist */ = {isa = PBXFileReference; lastKnownFileType = text.plist.xml; path = Info.plist; sourceTree = "<group>"; };
		311BC6461CA37B19006B4707 /* SamChatTests.xctest */ = {isa = PBXFileReference; explicitFileType = wrapper.cfbundle; includeInIndex = 0; path = SamChatTests.xctest; sourceTree = BUILT_PRODUCTS_DIR; };
		311BC64A1CA37B19006B4707 /* SamChatTests.m */ = {isa = PBXFileReference; lastKnownFileType = sourcecode.c.objc; path = SamChatTests.m; sourceTree = "<group>"; };
		311BC64C1CA37B19006B4707 /* Info.plist */ = {isa = PBXFileReference; lastKnownFileType = text.plist.xml; path = Info.plist; sourceTree = "<group>"; };
		311BC6511CA37B19006B4707 /* SamChatUITests.xctest */ = {isa = PBXFileReference; explicitFileType = wrapper.cfbundle; includeInIndex = 0; path = SamChatUITests.xctest; sourceTree = BUILT_PRODUCTS_DIR; };
		311BC6551CA37B19006B4707 /* SamChatUITests.m */ = {isa = PBXFileReference; lastKnownFileType = sourcecode.c.objc; path = SamChatUITests.m; sourceTree = "<group>"; };
		311BC6571CA37B19006B4707 /* Info.plist */ = {isa = PBXFileReference; lastKnownFileType = text.plist.xml; path = Info.plist; sourceTree = "<group>"; };
		317596711CA54A48002D2F73 /* ServiceSearchViewController.h */ = {isa = PBXFileReference; fileEncoding = 4; lastKnownFileType = sourcecode.c.h; path = ServiceSearchViewController.h; sourceTree = "<group>"; };
		317596721CA54A48002D2F73 /* ServiceSearchViewController.m */ = {isa = PBXFileReference; fileEncoding = 4; lastKnownFileType = sourcecode.c.objc; path = ServiceSearchViewController.m; sourceTree = "<group>"; };
		3178FFE21CA5401600796D25 /* SCUINavigationController.h */ = {isa = PBXFileReference; fileEncoding = 4; lastKnownFileType = sourcecode.c.h; path = SCUINavigationController.h; sourceTree = "<group>"; };
		3178FFE31CA5401600796D25 /* SCUINavigationController.m */ = {isa = PBXFileReference; fileEncoding = 4; lastKnownFileType = sourcecode.c.objc; path = SCUINavigationController.m; sourceTree = "<group>"; };
		3178FFE91CA5494500796D25 /* SCSkyWorldAPI.h */ = {isa = PBXFileReference; fileEncoding = 4; lastKnownFileType = sourcecode.c.h; path = SCSkyWorldAPI.h; sourceTree = "<group>"; };
		3178FFEA1CA5494500796D25 /* SCSkyWorldAPI.m */ = {isa = PBXFileReference; fileEncoding = 4; lastKnownFileType = sourcecode.c.objc; path = SCSkyWorldAPI.m; sourceTree = "<group>"; };
		317DE80D1CA42EA300ED39F5 /* SCSkyWorldAPIMacro.h */ = {isa = PBXFileReference; lastKnownFileType = sourcecode.c.h; name = SCSkyWorldAPIMacro.h; path = Macro/SCSkyWorldAPIMacro.h; sourceTree = "<group>"; };
		3183D0651CA67AA70088FD67 /* SCUserProfile.h */ = {isa = PBXFileReference; fileEncoding = 4; lastKnownFileType = sourcecode.c.h; name = SCUserProfile.h; path = Models/SCUserProfile.h; sourceTree = "<group>"; };
		3183D0661CA67AA70088FD67 /* SCUserProfile.m */ = {isa = PBXFileReference; fileEncoding = 4; lastKnownFileType = sourcecode.c.objc; name = SCUserProfile.m; path = Models/SCUserProfile.m; sourceTree = "<group>"; };
		31F8E70A1CA37F530049EE23 /* LoginViewController.h */ = {isa = PBXFileReference; fileEncoding = 4; lastKnownFileType = sourcecode.c.h; path = LoginViewController.h; sourceTree = "<group>"; };
		31F8E70B1CA37F530049EE23 /* LoginViewController.m */ = {isa = PBXFileReference; fileEncoding = 4; lastKnownFileType = sourcecode.c.objc; path = LoginViewController.m; sourceTree = "<group>"; };
		31F8E70C1CA37F530049EE23 /* SignupSettingViewController.h */ = {isa = PBXFileReference; fileEncoding = 4; lastKnownFileType = sourcecode.c.h; path = SignupSettingViewController.h; sourceTree = "<group>"; };
		31F8E70D1CA37F530049EE23 /* SignupSettingViewController.m */ = {isa = PBXFileReference; fileEncoding = 4; lastKnownFileType = sourcecode.c.objc; path = SignupSettingViewController.m; sourceTree = "<group>"; };
		31F8E70E1CA37F530049EE23 /* SignupViewController.h */ = {isa = PBXFileReference; fileEncoding = 4; lastKnownFileType = sourcecode.c.h; path = SignupViewController.h; sourceTree = "<group>"; };
		31F8E70F1CA37F530049EE23 /* SignupViewController.m */ = {isa = PBXFileReference; fileEncoding = 4; lastKnownFileType = sourcecode.c.objc; path = SignupViewController.m; sourceTree = "<group>"; };
		31F8E7181CA380780049EE23 /* LoginCtrl.storyboard */ = {isa = PBXFileReference; fileEncoding = 4; lastKnownFileType = file.storyboard; path = LoginCtrl.storyboard; sourceTree = "<group>"; };
		31F8E71A1CA3A8CF0049EE23 /* SCUITabBarController.h */ = {isa = PBXFileReference; fileEncoding = 4; lastKnownFileType = sourcecode.c.h; path = SCUITabBarController.h; sourceTree = "<group>"; };
		31F8E71B1CA3A8CF0049EE23 /* SCUITabBarController.m */ = {isa = PBXFileReference; fileEncoding = 4; lastKnownFileType = sourcecode.c.objc; path = SCUITabBarController.m; sourceTree = "<group>"; };
		31F8E71D1CA3B24F0049EE23 /* libsqlite3.tbd */ = {isa = PBXFileReference; lastKnownFileType = "sourcecode.text-based-dylib-definition"; name = libsqlite3.tbd; path = usr/lib/libsqlite3.tbd; sourceTree = SDKROOT; };
		31F8E7241CA3BD580049EE23 /* AppMacro.h */ = {isa = PBXFileReference; lastKnownFileType = sourcecode.c.h; name = AppMacro.h; path = Macro/AppMacro.h; sourceTree = "<group>"; };
		31F8E7261CA3D31D0049EE23 /* SCUtils.h */ = {isa = PBXFileReference; fileEncoding = 4; lastKnownFileType = sourcecode.c.h; name = SCUtils.h; path = Utils/SCUtils.h; sourceTree = "<group>"; };
		31F8E7271CA3D31D0049EE23 /* SCUtils.m */ = {isa = PBXFileReference; fileEncoding = 4; lastKnownFileType = sourcecode.c.objc; name = SCUtils.m; path = Utils/SCUtils.m; sourceTree = "<group>"; };
		31F8E72C1CA401310049EE23 /* SCConfig.h */ = {isa = PBXFileReference; fileEncoding = 4; lastKnownFileType = sourcecode.c.h; name = SCConfig.h; path = Utils/SCConfig.h; sourceTree = "<group>"; };
		31F8E72D1CA401310049EE23 /* SCConfig.m */ = {isa = PBXFileReference; fileEncoding = 4; lastKnownFileType = sourcecode.c.objc; name = SCConfig.m; path = Utils/SCConfig.m; sourceTree = "<group>"; };
		6B8040025EA2D601540773F1 /* Pods.release.xcconfig */ = {isa = PBXFileReference; includeInIndex = 1; lastKnownFileType = text.xcconfig; name = Pods.release.xcconfig; path = "Pods/Target Support Files/Pods/Pods.release.xcconfig"; sourceTree = "<group>"; };
		E6F84DEBA6BAFDCDDEB63EE0 /* Pods.debug.xcconfig */ = {isa = PBXFileReference; includeInIndex = 1; lastKnownFileType = text.xcconfig; name = Pods.debug.xcconfig; path = "Pods/Target Support Files/Pods/Pods.debug.xcconfig"; sourceTree = "<group>"; };
/* End PBXFileReference section */

/* Begin PBXFrameworksBuildPhase section */
		311BC6271CA37B19006B4707 /* Frameworks */ = {
			isa = PBXFrameworksBuildPhase;
			buildActionMask = 2147483647;
			files = (
				31F8E71E1CA3B24F0049EE23 /* libsqlite3.tbd in Frameworks */,
				38E659F034FD9B5FD1EC1905 /* libPods.a in Frameworks */,
			);
			runOnlyForDeploymentPostprocessing = 0;
		};
		311BC6431CA37B19006B4707 /* Frameworks */ = {
			isa = PBXFrameworksBuildPhase;
			buildActionMask = 2147483647;
			files = (
			);
			runOnlyForDeploymentPostprocessing = 0;
		};
		311BC64E1CA37B19006B4707 /* Frameworks */ = {
			isa = PBXFrameworksBuildPhase;
			buildActionMask = 2147483647;
			files = (
			);
			runOnlyForDeploymentPostprocessing = 0;
		};
/* End PBXFrameworksBuildPhase section */

/* Begin PBXGroup section */
		311BC6211CA37B19006B4707 = {
			isa = PBXGroup;
			children = (
				311BC62C1CA37B19006B4707 /* SamChat */,
				311BC6491CA37B19006B4707 /* SamChatTests */,
				311BC6541CA37B19006B4707 /* SamChatUITests */,
				311BC62B1CA37B19006B4707 /* Products */,
				B84EAC0774025D09681C54D4 /* Pods */,
				6CC38090E7EA689E781EDA90 /* Frameworks */,
			);
			sourceTree = "<group>";
		};
		311BC62B1CA37B19006B4707 /* Products */ = {
			isa = PBXGroup;
			children = (
				311BC62A1CA37B19006B4707 /* SamChat.app */,
				311BC6461CA37B19006B4707 /* SamChatTests.xctest */,
				311BC6511CA37B19006B4707 /* SamChatUITests.xctest */,
			);
			name = Products;
			sourceTree = "<group>";
		};
		311BC62C1CA37B19006B4707 /* SamChat */ = {
			isa = PBXGroup;
			children = (
				31F8E7251CA3D2B10049EE23 /* Utils */,
				31F8E7231CA3BCEF0049EE23 /* Macro */,
				31F8E71F1CA3BA790049EE23 /* Models */,
				31F8E7091CA37F530049EE23 /* Controllers */,
				3178FFE81CA5494500796D25 /* SkyWorld */,
				311BC6301CA37B19006B4707 /* AppDelegate.h */,
				311BC6311CA37B19006B4707 /* AppDelegate.m */,
				311BC6331CA37B19006B4707 /* ViewController.h */,
				311BC6341CA37B19006B4707 /* ViewController.m */,
				311BC6361CA37B19006B4707 /* Main.storyboard */,
				311BC63C1CA37B19006B4707 /* Assets.xcassets */,
				311BC63E1CA37B19006B4707 /* LaunchScreen.storyboard */,
				311BC6411CA37B19006B4707 /* Info.plist */,
				311BC6391CA37B19006B4707 /* SamChat.xcdatamodeld */,
				311BC62D1CA37B19006B4707 /* Supporting Files */,
				31F8E7181CA380780049EE23 /* LoginCtrl.storyboard */,
			);
			path = SamChat;
			sourceTree = "<group>";
		};
		311BC62D1CA37B19006B4707 /* Supporting Files */ = {
			isa = PBXGroup;
			children = (
				311BC62E1CA37B19006B4707 /* main.m */,
			);
			name = "Supporting Files";
			sourceTree = "<group>";
		};
		311BC6491CA37B19006B4707 /* SamChatTests */ = {
			isa = PBXGroup;
			children = (
				311BC64A1CA37B19006B4707 /* SamChatTests.m */,
				311BC64C1CA37B19006B4707 /* Info.plist */,
			);
			path = SamChatTests;
			sourceTree = "<group>";
		};
		311BC6541CA37B19006B4707 /* SamChatUITests */ = {
			isa = PBXGroup;
			children = (
				311BC6551CA37B19006B4707 /* SamChatUITests.m */,
				311BC6571CA37B19006B4707 /* Info.plist */,
			);
			path = SamChatUITests;
			sourceTree = "<group>";
		};
		3178FFE81CA5494500796D25 /* SkyWorld */ = {
			isa = PBXGroup;
			children = (
				3178FFE91CA5494500796D25 /* SCSkyWorldAPI.h */,
				3178FFEA1CA5494500796D25 /* SCSkyWorldAPI.m */,
			);
			path = SkyWorld;
			sourceTree = "<group>";
		};
		31F8E7091CA37F530049EE23 /* Controllers */ = {
			isa = PBXGroup;
			children = (
				31F8E70A1CA37F530049EE23 /* LoginViewController.h */,
				31F8E70B1CA37F530049EE23 /* LoginViewController.m */,
				31F8E70C1CA37F530049EE23 /* SignupSettingViewController.h */,
				31F8E70D1CA37F530049EE23 /* SignupSettingViewController.m */,
				31F8E70E1CA37F530049EE23 /* SignupViewController.h */,
				31F8E70F1CA37F530049EE23 /* SignupViewController.m */,
				31F8E71A1CA3A8CF0049EE23 /* SCUITabBarController.h */,
				31F8E71B1CA3A8CF0049EE23 /* SCUITabBarController.m */,
				3178FFE21CA5401600796D25 /* SCUINavigationController.h */,
				3178FFE31CA5401600796D25 /* SCUINavigationController.m */,
				317596711CA54A48002D2F73 /* ServiceSearchViewController.h */,
				317596721CA54A48002D2F73 /* ServiceSearchViewController.m */,
			);
			path = Controllers;
			sourceTree = "<group>";
		};
		31F8E71F1CA3BA790049EE23 /* Models */ = {
			isa = PBXGroup;
			children = (
				3183D0651CA67AA70088FD67 /* SCUserProfile.h */,
				3183D0661CA67AA70088FD67 /* SCUserProfile.m */,
			);
			name = Models;
			sourceTree = "<group>";
		};
		31F8E7231CA3BCEF0049EE23 /* Macro */ = {
			isa = PBXGroup;
			children = (
				31F8E7241CA3BD580049EE23 /* AppMacro.h */,
				317DE80D1CA42EA300ED39F5 /* SCSkyWorldAPIMacro.h */,
			);
			name = Macro;
			sourceTree = "<group>";
		};
		31F8E7251CA3D2B10049EE23 /* Utils */ = {
			isa = PBXGroup;
			children = (
				31F8E7261CA3D31D0049EE23 /* SCUtils.h */,
				31F8E7271CA3D31D0049EE23 /* SCUtils.m */,
				31F8E72C1CA401310049EE23 /* SCConfig.h */,
				31F8E72D1CA401310049EE23 /* SCConfig.m */,
			);
			name = Utils;
			sourceTree = "<group>";
		};
		6CC38090E7EA689E781EDA90 /* Frameworks */ = {
			isa = PBXGroup;
			children = (
				31F8E71D1CA3B24F0049EE23 /* libsqlite3.tbd */,
				2590406FC16C36D9E7064E71 /* libPods.a */,
			);
			name = Frameworks;
			sourceTree = "<group>";
		};
		B84EAC0774025D09681C54D4 /* Pods */ = {
			isa = PBXGroup;
			children = (
				E6F84DEBA6BAFDCDDEB63EE0 /* Pods.debug.xcconfig */,
				6B8040025EA2D601540773F1 /* Pods.release.xcconfig */,
			);
			name = Pods;
			sourceTree = "<group>";
		};
/* End PBXGroup section */

/* Begin PBXNativeTarget section */
		311BC6291CA37B19006B4707 /* SamChat */ = {
			isa = PBXNativeTarget;
			buildConfigurationList = 311BC65A1CA37B19006B4707 /* Build configuration list for PBXNativeTarget "SamChat" */;
			buildPhases = (
				7B85D2D8CA6AB690FF626639 /* Check Pods Manifest.lock */,
				311BC6261CA37B19006B4707 /* Sources */,
				311BC6271CA37B19006B4707 /* Frameworks */,
				311BC6281CA37B19006B4707 /* Resources */,
				23EFB153399C713252D10690 /* Embed Pods Frameworks */,
				37088C38375439E48D508AF8 /* Copy Pods Resources */,
			);
			buildRules = (
			);
			dependencies = (
			);
			name = SamChat;
			productName = SamChat;
			productReference = 311BC62A1CA37B19006B4707 /* SamChat.app */;
			productType = "com.apple.product-type.application";
		};
		311BC6451CA37B19006B4707 /* SamChatTests */ = {
			isa = PBXNativeTarget;
			buildConfigurationList = 311BC65D1CA37B19006B4707 /* Build configuration list for PBXNativeTarget "SamChatTests" */;
			buildPhases = (
				311BC6421CA37B19006B4707 /* Sources */,
				311BC6431CA37B19006B4707 /* Frameworks */,
				311BC6441CA37B19006B4707 /* Resources */,
			);
			buildRules = (
			);
			dependencies = (
				311BC6481CA37B19006B4707 /* PBXTargetDependency */,
			);
			name = SamChatTests;
			productName = SamChatTests;
			productReference = 311BC6461CA37B19006B4707 /* SamChatTests.xctest */;
			productType = "com.apple.product-type.bundle.unit-test";
		};
		311BC6501CA37B19006B4707 /* SamChatUITests */ = {
			isa = PBXNativeTarget;
			buildConfigurationList = 311BC6601CA37B19006B4707 /* Build configuration list for PBXNativeTarget "SamChatUITests" */;
			buildPhases = (
				311BC64D1CA37B19006B4707 /* Sources */,
				311BC64E1CA37B19006B4707 /* Frameworks */,
				311BC64F1CA37B19006B4707 /* Resources */,
			);
			buildRules = (
			);
			dependencies = (
				311BC6531CA37B19006B4707 /* PBXTargetDependency */,
			);
			name = SamChatUITests;
			productName = SamChatUITests;
			productReference = 311BC6511CA37B19006B4707 /* SamChatUITests.xctest */;
			productType = "com.apple.product-type.bundle.ui-testing";
		};
/* End PBXNativeTarget section */

/* Begin PBXProject section */
		311BC6221CA37B19006B4707 /* Project object */ = {
			isa = PBXProject;
			attributes = {
				LastUpgradeCheck = 0720;
				ORGANIZATIONNAME = SkyWorld;
				TargetAttributes = {
					311BC6291CA37B19006B4707 = {
						CreatedOnToolsVersion = 7.2.1;
					};
					311BC6451CA37B19006B4707 = {
						CreatedOnToolsVersion = 7.2.1;
						TestTargetID = 311BC6291CA37B19006B4707;
					};
					311BC6501CA37B19006B4707 = {
						CreatedOnToolsVersion = 7.2.1;
						TestTargetID = 311BC6291CA37B19006B4707;
					};
				};
			};
			buildConfigurationList = 311BC6251CA37B19006B4707 /* Build configuration list for PBXProject "SamChat" */;
			compatibilityVersion = "Xcode 3.2";
			developmentRegion = English;
			hasScannedForEncodings = 0;
			knownRegions = (
				en,
				Base,
			);
			mainGroup = 311BC6211CA37B19006B4707;
			productRefGroup = 311BC62B1CA37B19006B4707 /* Products */;
			projectDirPath = "";
			projectRoot = "";
			targets = (
				311BC6291CA37B19006B4707 /* SamChat */,
				311BC6451CA37B19006B4707 /* SamChatTests */,
				311BC6501CA37B19006B4707 /* SamChatUITests */,
			);
		};
/* End PBXProject section */

/* Begin PBXResourcesBuildPhase section */
		311BC6281CA37B19006B4707 /* Resources */ = {
			isa = PBXResourcesBuildPhase;
			buildActionMask = 2147483647;
			files = (
				311BC6401CA37B19006B4707 /* LaunchScreen.storyboard in Resources */,
				31F8E7191CA380780049EE23 /* LoginCtrl.storyboard in Resources */,
				311BC63D1CA37B19006B4707 /* Assets.xcassets in Resources */,
				311BC6381CA37B19006B4707 /* Main.storyboard in Resources */,
			);
			runOnlyForDeploymentPostprocessing = 0;
		};
		311BC6441CA37B19006B4707 /* Resources */ = {
			isa = PBXResourcesBuildPhase;
			buildActionMask = 2147483647;
			files = (
			);
			runOnlyForDeploymentPostprocessing = 0;
		};
		311BC64F1CA37B19006B4707 /* Resources */ = {
			isa = PBXResourcesBuildPhase;
			buildActionMask = 2147483647;
			files = (
			);
			runOnlyForDeploymentPostprocessing = 0;
		};
/* End PBXResourcesBuildPhase section */

/* Begin PBXShellScriptBuildPhase section */
		23EFB153399C713252D10690 /* Embed Pods Frameworks */ = {
			isa = PBXShellScriptBuildPhase;
			buildActionMask = 2147483647;
			files = (
			);
			inputPaths = (
			);
			name = "Embed Pods Frameworks";
			outputPaths = (
			);
			runOnlyForDeploymentPostprocessing = 0;
			shellPath = /bin/sh;
			shellScript = "\"${SRCROOT}/Pods/Target Support Files/Pods/Pods-frameworks.sh\"\n";
			showEnvVarsInLog = 0;
		};
		37088C38375439E48D508AF8 /* Copy Pods Resources */ = {
			isa = PBXShellScriptBuildPhase;
			buildActionMask = 2147483647;
			files = (
			);
			inputPaths = (
			);
			name = "Copy Pods Resources";
			outputPaths = (
			);
			runOnlyForDeploymentPostprocessing = 0;
			shellPath = /bin/sh;
			shellScript = "\"${SRCROOT}/Pods/Target Support Files/Pods/Pods-resources.sh\"\n";
			showEnvVarsInLog = 0;
		};
		7B85D2D8CA6AB690FF626639 /* Check Pods Manifest.lock */ = {
			isa = PBXShellScriptBuildPhase;
			buildActionMask = 2147483647;
			files = (
			);
			inputPaths = (
			);
			name = "Check Pods Manifest.lock";
			outputPaths = (
			);
			runOnlyForDeploymentPostprocessing = 0;
			shellPath = /bin/sh;
			shellScript = "diff \"${PODS_ROOT}/../Podfile.lock\" \"${PODS_ROOT}/Manifest.lock\" > /dev/null\nif [[ $? != 0 ]] ; then\n    cat << EOM\nerror: The sandbox is not in sync with the Podfile.lock. Run 'pod install' or update your CocoaPods installation.\nEOM\n    exit 1\nfi\n";
			showEnvVarsInLog = 0;
		};
/* End PBXShellScriptBuildPhase section */

/* Begin PBXSourcesBuildPhase section */
		311BC6261CA37B19006B4707 /* Sources */ = {
			isa = PBXSourcesBuildPhase;
			buildActionMask = 2147483647;
			files = (
				317596731CA54A48002D2F73 /* ServiceSearchViewController.m in Sources */,
				31F8E72E1CA401310049EE23 /* SCConfig.m in Sources */,
				31F8E71C1CA3A8CF0049EE23 /* SCUITabBarController.m in Sources */,
				3183D0671CA67AA70088FD67 /* SCUserProfile.m in Sources */,
				311BC6351CA37B19006B4707 /* ViewController.m in Sources */,
				311BC63B1CA37B19006B4707 /* SamChat.xcdatamodeld in Sources */,
				31F8E7281CA3D31D0049EE23 /* SCUtils.m in Sources */,
				3178FFEB1CA5494500796D25 /* SCSkyWorldAPI.m in Sources */,
				3178FFE41CA5401600796D25 /* SCUINavigationController.m in Sources */,
				311BC6321CA37B19006B4707 /* AppDelegate.m in Sources */,
				311BC62F1CA37B19006B4707 /* main.m in Sources */,
				31F8E7101CA37F530049EE23 /* LoginViewController.m in Sources */,
				31F8E7121CA37F530049EE23 /* SignupViewController.m in Sources */,
				31F8E7111CA37F530049EE23 /* SignupSettingViewController.m in Sources */,
			);
			runOnlyForDeploymentPostprocessing = 0;
		};
		311BC6421CA37B19006B4707 /* Sources */ = {
			isa = PBXSourcesBuildPhase;
			buildActionMask = 2147483647;
			files = (
				311BC64B1CA37B19006B4707 /* SamChatTests.m in Sources */,
			);
			runOnlyForDeploymentPostprocessing = 0;
		};
		311BC64D1CA37B19006B4707 /* Sources */ = {
			isa = PBXSourcesBuildPhase;
			buildActionMask = 2147483647;
			files = (
				311BC6561CA37B19006B4707 /* SamChatUITests.m in Sources */,
			);
			runOnlyForDeploymentPostprocessing = 0;
		};
/* End PBXSourcesBuildPhase section */

/* Begin PBXTargetDependency section */
		311BC6481CA37B19006B4707 /* PBXTargetDependency */ = {
			isa = PBXTargetDependency;
			target = 311BC6291CA37B19006B4707 /* SamChat */;
			targetProxy = 311BC6471CA37B19006B4707 /* PBXContainerItemProxy */;
		};
		311BC6531CA37B19006B4707 /* PBXTargetDependency */ = {
			isa = PBXTargetDependency;
			target = 311BC6291CA37B19006B4707 /* SamChat */;
			targetProxy = 311BC6521CA37B19006B4707 /* PBXContainerItemProxy */;
		};
/* End PBXTargetDependency section */

/* Begin PBXVariantGroup section */
		311BC6361CA37B19006B4707 /* Main.storyboard */ = {
			isa = PBXVariantGroup;
			children = (
				311BC6371CA37B19006B4707 /* Base */,
			);
			name = Main.storyboard;
			sourceTree = "<group>";
		};
		311BC63E1CA37B19006B4707 /* LaunchScreen.storyboard */ = {
			isa = PBXVariantGroup;
			children = (
				311BC63F1CA37B19006B4707 /* Base */,
			);
			name = LaunchScreen.storyboard;
			sourceTree = "<group>";
		};
/* End PBXVariantGroup section */

/* Begin XCBuildConfiguration section */
		311BC6581CA37B19006B4707 /* Debug */ = {
			isa = XCBuildConfiguration;
			buildSettings = {
				ALWAYS_SEARCH_USER_PATHS = NO;
				CLANG_CXX_LANGUAGE_STANDARD = "gnu++0x";
				CLANG_CXX_LIBRARY = "libc++";
				CLANG_ENABLE_MODULES = YES;
				CLANG_ENABLE_OBJC_ARC = YES;
				CLANG_WARN_BOOL_CONVERSION = YES;
				CLANG_WARN_CONSTANT_CONVERSION = YES;
				CLANG_WARN_DIRECT_OBJC_ISA_USAGE = YES_ERROR;
				CLANG_WARN_EMPTY_BODY = YES;
				CLANG_WARN_ENUM_CONVERSION = YES;
				CLANG_WARN_INT_CONVERSION = YES;
				CLANG_WARN_OBJC_ROOT_CLASS = YES_ERROR;
				CLANG_WARN_UNREACHABLE_CODE = YES;
				CLANG_WARN__DUPLICATE_METHOD_MATCH = YES;
				"CODE_SIGN_IDENTITY[sdk=iphoneos*]" = "iPhone Developer";
				COPY_PHASE_STRIP = NO;
				DEBUG_INFORMATION_FORMAT = dwarf;
				ENABLE_STRICT_OBJC_MSGSEND = YES;
				ENABLE_TESTABILITY = YES;
				GCC_C_LANGUAGE_STANDARD = gnu99;
				GCC_DYNAMIC_NO_PIC = NO;
				GCC_NO_COMMON_BLOCKS = YES;
				GCC_OPTIMIZATION_LEVEL = 0;
				GCC_PREPROCESSOR_DEFINITIONS = (
					"DEBUG=1",
					"$(inherited)",
				);
				GCC_WARN_64_TO_32_BIT_CONVERSION = YES;
				GCC_WARN_ABOUT_RETURN_TYPE = YES_ERROR;
				GCC_WARN_UNDECLARED_SELECTOR = YES;
				GCC_WARN_UNINITIALIZED_AUTOS = YES_AGGRESSIVE;
				GCC_WARN_UNUSED_FUNCTION = YES;
				GCC_WARN_UNUSED_VARIABLE = YES;
				IPHONEOS_DEPLOYMENT_TARGET = 9.2;
				MTL_ENABLE_DEBUG_INFO = YES;
				ONLY_ACTIVE_ARCH = YES;
				SDKROOT = iphoneos;
				TARGETED_DEVICE_FAMILY = "1,2";
			};
			name = Debug;
		};
		311BC6591CA37B19006B4707 /* Release */ = {
			isa = XCBuildConfiguration;
			buildSettings = {
				ALWAYS_SEARCH_USER_PATHS = NO;
				CLANG_CXX_LANGUAGE_STANDARD = "gnu++0x";
				CLANG_CXX_LIBRARY = "libc++";
				CLANG_ENABLE_MODULES = YES;
				CLANG_ENABLE_OBJC_ARC = YES;
				CLANG_WARN_BOOL_CONVERSION = YES;
				CLANG_WARN_CONSTANT_CONVERSION = YES;
				CLANG_WARN_DIRECT_OBJC_ISA_USAGE = YES_ERROR;
				CLANG_WARN_EMPTY_BODY = YES;
				CLANG_WARN_ENUM_CONVERSION = YES;
				CLANG_WARN_INT_CONVERSION = YES;
				CLANG_WARN_OBJC_ROOT_CLASS = YES_ERROR;
				CLANG_WARN_UNREACHABLE_CODE = YES;
				CLANG_WARN__DUPLICATE_METHOD_MATCH = YES;
				"CODE_SIGN_IDENTITY[sdk=iphoneos*]" = "iPhone Developer";
				COPY_PHASE_STRIP = NO;
				DEBUG_INFORMATION_FORMAT = "dwarf-with-dsym";
				ENABLE_NS_ASSERTIONS = NO;
				ENABLE_STRICT_OBJC_MSGSEND = YES;
				GCC_C_LANGUAGE_STANDARD = gnu99;
				GCC_NO_COMMON_BLOCKS = YES;
				GCC_WARN_64_TO_32_BIT_CONVERSION = YES;
				GCC_WARN_ABOUT_RETURN_TYPE = YES_ERROR;
				GCC_WARN_UNDECLARED_SELECTOR = YES;
				GCC_WARN_UNINITIALIZED_AUTOS = YES_AGGRESSIVE;
				GCC_WARN_UNUSED_FUNCTION = YES;
				GCC_WARN_UNUSED_VARIABLE = YES;
				IPHONEOS_DEPLOYMENT_TARGET = 9.2;
				MTL_ENABLE_DEBUG_INFO = NO;
				SDKROOT = iphoneos;
				TARGETED_DEVICE_FAMILY = "1,2";
				VALIDATE_PRODUCT = YES;
			};
			name = Release;
		};
		311BC65B1CA37B19006B4707 /* Debug */ = {
			isa = XCBuildConfiguration;
			baseConfigurationReference = E6F84DEBA6BAFDCDDEB63EE0 /* Pods.debug.xcconfig */;
			buildSettings = {
				ASSETCATALOG_COMPILER_APPICON_NAME = AppIcon;
				INFOPLIST_FILE = SamChat/Info.plist;
				LD_RUNPATH_SEARCH_PATHS = "$(inherited) @executable_path/Frameworks";
				PRODUCT_BUNDLE_IDENTIFIER = SkyWorld.SamChat;
				PRODUCT_NAME = "$(TARGET_NAME)";
			};
			name = Debug;
		};
		311BC65C1CA37B19006B4707 /* Release */ = {
			isa = XCBuildConfiguration;
			baseConfigurationReference = 6B8040025EA2D601540773F1 /* Pods.release.xcconfig */;
			buildSettings = {
				ASSETCATALOG_COMPILER_APPICON_NAME = AppIcon;
				INFOPLIST_FILE = SamChat/Info.plist;
				LD_RUNPATH_SEARCH_PATHS = "$(inherited) @executable_path/Frameworks";
				PRODUCT_BUNDLE_IDENTIFIER = SkyWorld.SamChat;
				PRODUCT_NAME = "$(TARGET_NAME)";
			};
			name = Release;
		};
		311BC65E1CA37B19006B4707 /* Debug */ = {
			isa = XCBuildConfiguration;
			buildSettings = {
				BUNDLE_LOADER = "$(TEST_HOST)";
				INFOPLIST_FILE = SamChatTests/Info.plist;
				LD_RUNPATH_SEARCH_PATHS = "$(inherited) @executable_path/Frameworks @loader_path/Frameworks";
				PRODUCT_BUNDLE_IDENTIFIER = SkyWorld.SamChatTests;
				PRODUCT_NAME = "$(TARGET_NAME)";
				TEST_HOST = "$(BUILT_PRODUCTS_DIR)/SamChat.app/SamChat";
			};
			name = Debug;
		};
		311BC65F1CA37B19006B4707 /* Release */ = {
			isa = XCBuildConfiguration;
			buildSettings = {
				BUNDLE_LOADER = "$(TEST_HOST)";
				INFOPLIST_FILE = SamChatTests/Info.plist;
				LD_RUNPATH_SEARCH_PATHS = "$(inherited) @executable_path/Frameworks @loader_path/Frameworks";
				PRODUCT_BUNDLE_IDENTIFIER = SkyWorld.SamChatTests;
				PRODUCT_NAME = "$(TARGET_NAME)";
				TEST_HOST = "$(BUILT_PRODUCTS_DIR)/SamChat.app/SamChat";
			};
			name = Release;
		};
		311BC6611CA37B19006B4707 /* Debug */ = {
			isa = XCBuildConfiguration;
			buildSettings = {
				INFOPLIST_FILE = SamChatUITests/Info.plist;
				LD_RUNPATH_SEARCH_PATHS = "$(inherited) @executable_path/Frameworks @loader_path/Frameworks";
				PRODUCT_BUNDLE_IDENTIFIER = SkyWorld.SamChatUITests;
				PRODUCT_NAME = "$(TARGET_NAME)";
				TEST_TARGET_NAME = SamChat;
				USES_XCTRUNNER = YES;
			};
			name = Debug;
		};
		311BC6621CA37B19006B4707 /* Release */ = {
			isa = XCBuildConfiguration;
			buildSettings = {
				INFOPLIST_FILE = SamChatUITests/Info.plist;
				LD_RUNPATH_SEARCH_PATHS = "$(inherited) @executable_path/Frameworks @loader_path/Frameworks";
				PRODUCT_BUNDLE_IDENTIFIER = SkyWorld.SamChatUITests;
				PRODUCT_NAME = "$(TARGET_NAME)";
				TEST_TARGET_NAME = SamChat;
				USES_XCTRUNNER = YES;
			};
			name = Release;
		};
/* End XCBuildConfiguration section */

/* Begin XCConfigurationList section */
		311BC6251CA37B19006B4707 /* Build configuration list for PBXProject "SamChat" */ = {
			isa = XCConfigurationList;
			buildConfigurations = (
				311BC6581CA37B19006B4707 /* Debug */,
				311BC6591CA37B19006B4707 /* Release */,
			);
			defaultConfigurationIsVisible = 0;
			defaultConfigurationName = Release;
		};
		311BC65A1CA37B19006B4707 /* Build configuration list for PBXNativeTarget "SamChat" */ = {
			isa = XCConfigurationList;
			buildConfigurations = (
				311BC65B1CA37B19006B4707 /* Debug */,
				311BC65C1CA37B19006B4707 /* Release */,
			);
			defaultConfigurationIsVisible = 0;
			defaultConfigurationName = Release;
		};
		311BC65D1CA37B19006B4707 /* Build configuration list for PBXNativeTarget "SamChatTests" */ = {
			isa = XCConfigurationList;
			buildConfigurations = (
				311BC65E1CA37B19006B4707 /* Debug */,
				311BC65F1CA37B19006B4707 /* Release */,
			);
			defaultConfigurationIsVisible = 0;
			defaultConfigurationName = Release;
		};
		311BC6601CA37B19006B4707 /* Build configuration list for PBXNativeTarget "SamChatUITests" */ = {
			isa = XCConfigurationList;
			buildConfigurations = (
				311BC6611CA37B19006B4707 /* Debug */,
				311BC6621CA37B19006B4707 /* Release */,
			);
			defaultConfigurationIsVisible = 0;
			defaultConfigurationName = Release;
		};
/* End XCConfigurationList section */

/* Begin XCVersionGroup section */
		311BC6391CA37B19006B4707 /* SamChat.xcdatamodeld */ = {
			isa = XCVersionGroup;
			children = (
				311BC63A1CA37B19006B4707 /* SamChat.xcdatamodel */,
			);
			currentVersion = 311BC63A1CA37B19006B4707 /* SamChat.xcdatamodel */;
			path = SamChat.xcdatamodeld;
			sourceTree = "<group>";
			versionGroupType = wrapper.xcdatamodel;
		};
/* End XCVersionGroup section */
	};
	rootObject = 311BC6221CA37B19006B4707 /* Project object */;
}
